
Microsoft Visual Studio Solution File, Format Version 12.00
# Visual Studio Version 17
VisualStudioVersion = 17.13.35931.197
MinimumVisualStudioVersion = 10.0.40219.1
Project("{F184B08F-C81C-45F6-A57F-5ABD9991F28F}") = "Es_2", "ClassTools\Es_2.vbproj", "{1CB475B5-365E-4FDD-8720-65843E3CA02F}"
EndProject
Project("{F184B08F-C81C-45F6-A57F-5ABD9991F28F}") = "Es_3", "WFLogin\Es_3.vbproj", "{7CE9158A-B35B-4083-AECC-F001A09F8060}"
EndProject
Project("{F184B08F-C81C-45F6-A57F-5ABD9991F28F}") = "Es_4", "Es_4\Es_4.vbproj", "{7AA7B55C-1D33-446D-A0C3-AA33CBC81E23}"
EndProject
Project("{F184B08F-C81C-45F6-A57F-5ABD9991F28F}") = "Es_7", "Es_7\Es_7.vbproj", "{4B5806A6-967C-4ED3-A339-917E2E2E67FB}"
EndProject
Project("{F184B08F-C81C-45F6-A57F-5ABD9991F28F}") = "Es_6", "Es_6\Es_6.vbproj", "{3E4F7434-F884-4C72-93FD-029BC551206E}"
EndProject
Project("{F184B08F-C81C-45F6-A57F-5ABD9991F28F}") = "Es_5", "Es_5\Es_5.vbproj", "{D79A57FB-D303-40B9-B630-177D34859DE0}"
EndProject
Project("{F184B08F-C81C-45F6-A57F-5ABD9991F28F}") = "Es_8", "Es_8\Es_8.vbproj", "{B468BBBD-7261-430C-851D-D3A073A73364}"
EndProject
Project("{F184B08F-C81C-45F6-A57F-5ABD9991F28F}") = "Es_12", "Es_12\Es_12.vbproj", "{0C7911A7-92CC-48E5-B8FB-BB03CEFEEF8D}"
EndProject
Global
	GlobalSection(SolutionConfigurationPlatforms) = preSolution
		Debug|Any CPU = Debug|Any CPU
		Release|Any CPU = Release|Any CPU
	EndGlobalSection
	GlobalSection(ProjectConfigurationPlatforms) = postSolution
		{1CB475B5-365E-4FDD-8720-65843E3CA02F}.Debug|Any CPU.ActiveCfg = Debug|Any CPU
		{1CB475B5-365E-4FDD-8720-65843E3CA02F}.Debug|Any CPU.Build.0 = Debug|Any CPU
		{1CB475B5-365E-4FDD-8720-65843E3CA02F}.Release|Any CPU.ActiveCfg = Release|Any CPU
		{1CB475B5-365E-4FDD-8720-65843E3CA02F}.Release|Any CPU.Build.0 = Release|Any CPU
		{7CE9158A-B35B-4083-AECC-F001A09F8060}.Debug|Any CPU.ActiveCfg = Debug|Any CPU
		{7CE9158A-B35B-4083-AECC-F001A09F8060}.Debug|Any CPU.Build.0 = Debug|Any CPU
		{7CE9158A-B35B-4083-AECC-F001A09F8060}.Release|Any CPU.ActiveCfg = Release|Any CPU
		{7CE9158A-B35B-4083-AECC-F001A09F8060}.Release|Any CPU.Build.0 = Release|Any CPU
		{7AA7B55C-1D33-446D-A0C3-AA33CBC81E23}.Debug|Any CPU.ActiveCfg = Debug|Any CPU
		{7AA7B55C-1D33-446D-A0C3-AA33CBC81E23}.Debug|Any CPU.Build.0 = Debug|Any CPU
		{7AA7B55C-1D33-446D-A0C3-AA33CBC81E23}.Release|Any CPU.ActiveCfg = Release|Any CPU
		{7AA7B55C-1D33-446D-A0C3-AA33CBC81E23}.Release|Any CPU.Build.0 = Release|Any CPU
		{4B5806A6-967C-4ED3-A339-917E2E2E67FB}.Debug|Any CPU.ActiveCfg = Debug|Any CPU
		{4B5806A6-967C-4ED3-A339-917E2E2E67FB}.Debug|Any CPU.Build.0 = Debug|Any CPU
		{4B5806A6-967C-4ED3-A339-917E2E2E67FB}.Release|Any CPU.ActiveCfg = Release|Any CPU
		{4B5806A6-967C-4ED3-A339-917E2E2E67FB}.Release|Any CPU.Build.0 = Release|Any CPU
		{3E4F7434-F884-4C72-93FD-029BC551206E}.Debug|Any CPU.ActiveCfg = Debug|Any CPU
		{3E4F7434-F884-4C72-93FD-029BC551206E}.Debug|Any CPU.Build.0 = Debug|Any CPU
		{3E4F7434-F884-4C72-93FD-029BC551206E}.Release|Any CPU.ActiveCfg = Release|Any CPU
		{3E4F7434-F884-4C72-93FD-029BC551206E}.Release|Any CPU.Build.0 = Release|Any CPU
		{D79A57FB-D303-40B9-B630-177D34859DE0}.Debug|Any CPU.ActiveCfg = Debug|Any CPU
		{D79A57FB-D303-40B9-B630-177D34859DE0}.Debug|Any CPU.Build.0 = Debug|Any CPU
		{D79A57FB-D303-40B9-B630-177D34859DE0}.Release|Any CPU.ActiveCfg = Release|Any CPU
		{D79A57FB-D303-40B9-B630-177D34859DE0}.Release|Any CPU.Build.0 = Release|Any CPU
		{B468BBBD-7261-430C-851D-D3A073A73364}.Debug|Any CPU.ActiveCfg = Debug|Any CPU
		{B468BBBD-7261-430C-851D-D3A073A73364}.Debug|Any CPU.Build.0 = Debug|Any CPU
		{B468BBBD-7261-430C-851D-D3A073A73364}.Release|Any CPU.ActiveCfg = Release|Any CPU
		{B468BBBD-7261-430C-851D-D3A073A73364}.Release|Any CPU.Build.0 = Release|Any CPU
		{0C7911A7-92CC-48E5-B8FB-BB03CEFEEF8D}.Debug|Any CPU.ActiveCfg = Debug|Any CPU
		{0C7911A7-92CC-48E5-B8FB-BB03CEFEEF8D}.Debug|Any CPU.Build.0 = Debug|Any CPU
		{0C7911A7-92CC-48E5-B8FB-BB03CEFEEF8D}.Release|Any CPU.ActiveCfg = Release|Any CPU
		{0C7911A7-92CC-48E5-B8FB-BB03CEFEEF8D}.Release|Any CPU.Build.0 = Release|Any CPU
	EndGlobalSection
	GlobalSection(SolutionProperties) = preSolution
		HideSolutionNode = FALSE
	EndGlobalSection
	GlobalSection(ExtensibilityGlobals) = postSolution
		SolutionGuid = {6A8B92D5-463D-4413-A894-E1A398826F58}
	EndGlobalSection
EndGlobal
