
Microsoft Visual Studio Solution File, Format Version 12.00
# Visual Studio Version 17
VisualStudioVersion = 17.13.35931.197
MinimumVisualStudioVersion = 10.0.40219.1
Project("{F184B08F-C81C-45F6-A57F-5ABD9991F28F}") = "Es_02", "ClassTools\Es_02.vbproj", "{1CB475B5-365E-4FDD-8720-65843E3CA02F}"
EndProject
Project("{F184B08F-C81C-45F6-A57F-5ABD9991F28F}") = "Es_09", "WFLogin\Es_09.vbproj", "{7CE9158A-B35B-4083-AECC-F001A09F8060}"
EndProject
Project("{F184B08F-C81C-45F6-A57F-5ABD9991F28F}") = "Es_04", "Es_4\Es_04.vbproj", "{7AA7B55C-1D33-446D-A0C3-AA33CBC81E23}"
EndProject
Project("{F184B08F-C81C-45F6-A57F-5ABD9991F28F}") = "Es_07", "Es_7\Es_07.vbproj", "{4B5806A6-967C-4ED3-A339-917E2E2E67FB}"
EndProject
Project("{F184B08F-C81C-45F6-A57F-5ABD9991F28F}") = "Es_06", "Es_6\Es_06.vbproj", "{3E4F7434-F884-4C72-93FD-029BC551206E}"
EndProject
Project("{F184B08F-C81C-45F6-A57F-5ABD9991F28F}") = "Es_05", "Es_5\Es_05.vbproj", "{D79A57FB-D303-40B9-B630-177D34859DE0}"
EndProject
Project("{F184B08F-C81C-45F6-A57F-5ABD9991F28F}") = "Es_08", "Es_8\Es_08.vbproj", "{B468BBBD-7261-430C-851D-D3A073A73364}"
EndProject
Project("{F184B08F-C81C-45F6-A57F-5ABD9991F28F}") = "Es_12", "Es_12\Es_12.vbproj", "{0C7911A7-92CC-48E5-B8FB-BB03CEFEEF8D}"
EndProject
Project("{F184B08F-C81C-45F6-A57F-5ABD9991F28F}") = "Es_03", "Es_9\Es_03.vbproj", "{2F83ED50-13A6-4D41-9589-40497E3A79A6}"
EndProject
Project("{F184B08F-C81C-45F6-A57F-5ABD9991F28F}") = "Es_13", "Es_13\Es_13.vbproj", "{5BD71131-43FC-4902-8C35-D644C24F9137}"
EndProject
Project("{F184B08F-C81C-45F6-A57F-5ABD9991F28F}") = "Es_14", "Es_14\Es_14.vbproj", "{A0BC5770-ED1C-49C3-B8EF-79E543EC700F}"
EndProject
Project("{F184B08F-C81C-45F6-A57F-5ABD9991F28F}") = "Es_10", "Es_10\Es_10.vbproj", "{71CB6F01-AC9F-4BFD-937E-166835D1CFDE}"
EndProject
Project("{F184B08F-C81C-45F6-A57F-5ABD9991F28F}") = "Es_11", "Es_11\Es_11.vbproj", "{FEDADBF4-6435-4163-8B57-0E63A76271D6}"
EndProject
Project("{F184B08F-C81C-45F6-A57F-5ABD9991F28F}") = "Es_21", "Es_21\Es_21.vbproj", "{A6A8DA76-C87D-4B21-BA00-D1BD2402392C}"
EndProject
Project("{F184B08F-C81C-45F6-A57F-5ABD9991F28F}") = "Es_22", "Es_22\Es_22.vbproj", "{B8A5B6E8-CDCC-4285-835E-228A048F797F}"
EndProject
Project("{E24C65DC-7377-472B-9ABA-BC803B73C61A}") = "Es_25", "Es_25\", "{A6E4AE8C-0992-D716-C50E-36DAB71B98F1}"
	ProjectSection(WebsiteProperties) = preProject
		TargetFrameworkMoniker = ".NETFramework,Version%3Dv4.7.2"
		Debug.AspNetCompiler.VirtualPath = "/localhost_49507"
		Debug.AspNetCompiler.PhysicalPath = "Es_25\"
		Debug.AspNetCompiler.TargetPath = "PrecompiledWeb\localhost_49507\"
		Debug.AspNetCompiler.Updateable = "true"
		Debug.AspNetCompiler.ForceOverwrite = "true"
		Debug.AspNetCompiler.FixedNames = "false"
		Debug.AspNetCompiler.Debug = "True"
		Release.AspNetCompiler.VirtualPath = "/localhost_49507"
		Release.AspNetCompiler.PhysicalPath = "Es_25\"
		Release.AspNetCompiler.TargetPath = "PrecompiledWeb\localhost_49507\"
		Release.AspNetCompiler.Updateable = "true"
		Release.AspNetCompiler.ForceOverwrite = "true"
		Release.AspNetCompiler.FixedNames = "false"
		Release.AspNetCompiler.Debug = "False"
		VWDPort = "49507"
		SlnRelativePath = "Es_25\"
	EndProjectSection
EndProject
Project("{E24C65DC-7377-472B-9ABA-BC803B73C61A}") = "Es_26", "Es_26\", "{E08BBA64-AFC0-4850-798D-923F80763AC9}"
	ProjectSection(WebsiteProperties) = preProject
		TargetFrameworkMoniker = ".NETFramework,Version%3Dv4.7.2"
		Debug.AspNetCompiler.VirtualPath = "/localhost_49521"
		Debug.AspNetCompiler.PhysicalPath = "Es_26\"
		Debug.AspNetCompiler.TargetPath = "PrecompiledWeb\localhost_49521\"
		Debug.AspNetCompiler.Updateable = "true"
		Debug.AspNetCompiler.ForceOverwrite = "true"
		Debug.AspNetCompiler.FixedNames = "false"
		Debug.AspNetCompiler.Debug = "True"
		Release.AspNetCompiler.VirtualPath = "/localhost_49521"
		Release.AspNetCompiler.PhysicalPath = "Es_26\"
		Release.AspNetCompiler.TargetPath = "PrecompiledWeb\localhost_49521\"
		Release.AspNetCompiler.Updateable = "true"
		Release.AspNetCompiler.ForceOverwrite = "true"
		Release.AspNetCompiler.FixedNames = "false"
		Release.AspNetCompiler.Debug = "False"
		VWDPort = "49521"
		SlnRelativePath = "Es_26\"
	EndProjectSection
EndProject
Project("{F184B08F-C81C-45F6-A57F-5ABD9991F28F}") = "Es_23", "Es_23\Es_23.vbproj", "{9D1D5C32-4461-4683-A792-3853956A8C80}"
EndProject
Global
	GlobalSection(SolutionConfigurationPlatforms) = preSolution
		Debug|Any CPU = Debug|Any CPU
		Release|Any CPU = Release|Any CPU
	EndGlobalSection
	GlobalSection(ProjectConfigurationPlatforms) = postSolution
		{1CB475B5-365E-4FDD-8720-65843E3CA02F}.Debug|Any CPU.ActiveCfg = Debug|Any CPU
		{1CB475B5-365E-4FDD-8720-65843E3CA02F}.Debug|Any CPU.Build.0 = Debug|Any CPU
		{1CB475B5-365E-4FDD-8720-65843E3CA02F}.Release|Any CPU.ActiveCfg = Release|Any CPU
		{1CB475B5-365E-4FDD-8720-65843E3CA02F}.Release|Any CPU.Build.0 = Release|Any CPU
		{7CE9158A-B35B-4083-AECC-F001A09F8060}.Debug|Any CPU.ActiveCfg = Debug|Any CPU
		{7CE9158A-B35B-4083-AECC-F001A09F8060}.Debug|Any CPU.Build.0 = Debug|Any CPU
		{7CE9158A-B35B-4083-AECC-F001A09F8060}.Release|Any CPU.ActiveCfg = Release|Any CPU
		{7CE9158A-B35B-4083-AECC-F001A09F8060}.Release|Any CPU.Build.0 = Release|Any CPU
		{7AA7B55C-1D33-446D-A0C3-AA33CBC81E23}.Debug|Any CPU.ActiveCfg = Debug|Any CPU
		{7AA7B55C-1D33-446D-A0C3-AA33CBC81E23}.Debug|Any CPU.Build.0 = Debug|Any CPU
		{7AA7B55C-1D33-446D-A0C3-AA33CBC81E23}.Release|Any CPU.ActiveCfg = Release|Any CPU
		{7AA7B55C-1D33-446D-A0C3-AA33CBC81E23}.Release|Any CPU.Build.0 = Release|Any CPU
		{4B5806A6-967C-4ED3-A339-917E2E2E67FB}.Debug|Any CPU.ActiveCfg = Debug|Any CPU
		{4B5806A6-967C-4ED3-A339-917E2E2E67FB}.Debug|Any CPU.Build.0 = Debug|Any CPU
		{4B5806A6-967C-4ED3-A339-917E2E2E67FB}.Release|Any CPU.ActiveCfg = Release|Any CPU
		{4B5806A6-967C-4ED3-A339-917E2E2E67FB}.Release|Any CPU.Build.0 = Release|Any CPU
		{3E4F7434-F884-4C72-93FD-029BC551206E}.Debug|Any CPU.ActiveCfg = Debug|Any CPU
		{3E4F7434-F884-4C72-93FD-029BC551206E}.Debug|Any CPU.Build.0 = Debug|Any CPU
		{3E4F7434-F884-4C72-93FD-029BC551206E}.Release|Any CPU.ActiveCfg = Release|Any CPU
		{3E4F7434-F884-4C72-93FD-029BC551206E}.Release|Any CPU.Build.0 = Release|Any CPU
		{D79A57FB-D303-40B9-B630-177D34859DE0}.Debug|Any CPU.ActiveCfg = Debug|Any CPU
		{D79A57FB-D303-40B9-B630-177D34859DE0}.Debug|Any CPU.Build.0 = Debug|Any CPU
		{D79A57FB-D303-40B9-B630-177D34859DE0}.Release|Any CPU.ActiveCfg = Release|Any CPU
		{D79A57FB-D303-40B9-B630-177D34859DE0}.Release|Any CPU.Build.0 = Release|Any CPU
		{B468BBBD-7261-430C-851D-D3A073A73364}.Debug|Any CPU.ActiveCfg = Debug|Any CPU
		{B468BBBD-7261-430C-851D-D3A073A73364}.Debug|Any CPU.Build.0 = Debug|Any CPU
		{B468BBBD-7261-430C-851D-D3A073A73364}.Release|Any CPU.ActiveCfg = Release|Any CPU
		{B468BBBD-7261-430C-851D-D3A073A73364}.Release|Any CPU.Build.0 = Release|Any CPU
		{0C7911A7-92CC-48E5-B8FB-BB03CEFEEF8D}.Debug|Any CPU.ActiveCfg = Debug|Any CPU
		{0C7911A7-92CC-48E5-B8FB-BB03CEFEEF8D}.Debug|Any CPU.Build.0 = Debug|Any CPU
		{0C7911A7-92CC-48E5-B8FB-BB03CEFEEF8D}.Release|Any CPU.ActiveCfg = Release|Any CPU
		{0C7911A7-92CC-48E5-B8FB-BB03CEFEEF8D}.Release|Any CPU.Build.0 = Release|Any CPU
		{2F83ED50-13A6-4D41-9589-40497E3A79A6}.Debug|Any CPU.ActiveCfg = Debug|Any CPU
		{2F83ED50-13A6-4D41-9589-40497E3A79A6}.Debug|Any CPU.Build.0 = Debug|Any CPU
		{2F83ED50-13A6-4D41-9589-40497E3A79A6}.Release|Any CPU.ActiveCfg = Release|Any CPU
		{2F83ED50-13A6-4D41-9589-40497E3A79A6}.Release|Any CPU.Build.0 = Release|Any CPU
		{5BD71131-43FC-4902-8C35-D644C24F9137}.Debug|Any CPU.ActiveCfg = Debug|Any CPU
		{5BD71131-43FC-4902-8C35-D644C24F9137}.Debug|Any CPU.Build.0 = Debug|Any CPU
		{5BD71131-43FC-4902-8C35-D644C24F9137}.Release|Any CPU.ActiveCfg = Release|Any CPU
		{5BD71131-43FC-4902-8C35-D644C24F9137}.Release|Any CPU.Build.0 = Release|Any CPU
		{A0BC5770-ED1C-49C3-B8EF-79E543EC700F}.Debug|Any CPU.ActiveCfg = Debug|Any CPU
		{A0BC5770-ED1C-49C3-B8EF-79E543EC700F}.Debug|Any CPU.Build.0 = Debug|Any CPU
		{A0BC5770-ED1C-49C3-B8EF-79E543EC700F}.Release|Any CPU.ActiveCfg = Release|Any CPU
		{A0BC5770-ED1C-49C3-B8EF-79E543EC700F}.Release|Any CPU.Build.0 = Release|Any CPU
		{71CB6F01-AC9F-4BFD-937E-166835D1CFDE}.Debug|Any CPU.ActiveCfg = Debug|Any CPU
		{71CB6F01-AC9F-4BFD-937E-166835D1CFDE}.Debug|Any CPU.Build.0 = Debug|Any CPU
		{71CB6F01-AC9F-4BFD-937E-166835D1CFDE}.Release|Any CPU.ActiveCfg = Release|Any CPU
		{71CB6F01-AC9F-4BFD-937E-166835D1CFDE}.Release|Any CPU.Build.0 = Release|Any CPU
		{FEDADBF4-6435-4163-8B57-0E63A76271D6}.Debug|Any CPU.ActiveCfg = Debug|Any CPU
		{FEDADBF4-6435-4163-8B57-0E63A76271D6}.Debug|Any CPU.Build.0 = Debug|Any CPU
		{FEDADBF4-6435-4163-8B57-0E63A76271D6}.Release|Any CPU.ActiveCfg = Release|Any CPU
		{FEDADBF4-6435-4163-8B57-0E63A76271D6}.Release|Any CPU.Build.0 = Release|Any CPU
		{A6A8DA76-C87D-4B21-BA00-D1BD2402392C}.Debug|Any CPU.ActiveCfg = Debug|Any CPU
		{A6A8DA76-C87D-4B21-BA00-D1BD2402392C}.Debug|Any CPU.Build.0 = Debug|Any CPU
		{A6A8DA76-C87D-4B21-BA00-D1BD2402392C}.Release|Any CPU.ActiveCfg = Release|Any CPU
		{A6A8DA76-C87D-4B21-BA00-D1BD2402392C}.Release|Any CPU.Build.0 = Release|Any CPU
		{B8A5B6E8-CDCC-4285-835E-228A048F797F}.Debug|Any CPU.ActiveCfg = Debug|Any CPU
		{B8A5B6E8-CDCC-4285-835E-228A048F797F}.Debug|Any CPU.Build.0 = Debug|Any CPU
		{B8A5B6E8-CDCC-4285-835E-228A048F797F}.Release|Any CPU.ActiveCfg = Release|Any CPU
		{B8A5B6E8-CDCC-4285-835E-228A048F797F}.Release|Any CPU.Build.0 = Release|Any CPU
		{A6E4AE8C-0992-D716-C50E-36DAB71B98F1}.Debug|Any CPU.ActiveCfg = Debug|Any CPU
		{A6E4AE8C-0992-D716-C50E-36DAB71B98F1}.Debug|Any CPU.Build.0 = Debug|Any CPU
		{A6E4AE8C-0992-D716-C50E-36DAB71B98F1}.Release|Any CPU.ActiveCfg = Debug|Any CPU
		{A6E4AE8C-0992-D716-C50E-36DAB71B98F1}.Release|Any CPU.Build.0 = Debug|Any CPU
		{E08BBA64-AFC0-4850-798D-923F80763AC9}.Debug|Any CPU.ActiveCfg = Debug|Any CPU
		{E08BBA64-AFC0-4850-798D-923F80763AC9}.Debug|Any CPU.Build.0 = Debug|Any CPU
		{E08BBA64-AFC0-4850-798D-923F80763AC9}.Release|Any CPU.ActiveCfg = Debug|Any CPU
		{E08BBA64-AFC0-4850-798D-923F80763AC9}.Release|Any CPU.Build.0 = Debug|Any CPU
		{9D1D5C32-4461-4683-A792-3853956A8C80}.Debug|Any CPU.ActiveCfg = Debug|Any CPU
		{9D1D5C32-4461-4683-A792-3853956A8C80}.Debug|Any CPU.Build.0 = Debug|Any CPU
		{9D1D5C32-4461-4683-A792-3853956A8C80}.Release|Any CPU.ActiveCfg = Release|Any CPU
		{9D1D5C32-4461-4683-A792-3853956A8C80}.Release|Any CPU.Build.0 = Release|Any CPU
	EndGlobalSection
	GlobalSection(SolutionProperties) = preSolution
		HideSolutionNode = FALSE
	EndGlobalSection
	GlobalSection(ExtensibilityGlobals) = postSolution
		SolutionGuid = {6A8B92D5-463D-4413-A894-E1A398826F58}
	EndGlobalSection
EndGlobal
